// !$*UTF8*$!
{
	archiveVersion = 1;
	classes = {
	};
	objectVersion = 46;
	objects = {

/* Begin PBXBuildFile section */
		385FFB81156D446000F3D09E /* Foundation.framework in Frameworks */ = {isa = PBXBuildFile; fileRef = 385FFB80156D446000F3D09E /* Foundation.framework */; };
		385FFB84156D446000F3D09E /* main.m in Sources */ = {isa = PBXBuildFile; fileRef = 385FFB83156D446000F3D09E /* main.m */; };
		385FFB88156D446000F3D09E /* FileAttributeReader.1 in CopyFiles */ = {isa = PBXBuildFile; fileRef = 385FFB87156D446000F3D09E /* FileAttributeReader.1 */; };
/* End PBXBuildFile section */

/* Begin PBXCopyFilesBuildPhase section */
		385FFB7A156D446000F3D09E /* CopyFiles */ = {
			isa = PBXCopyFilesBuildPhase;
			buildActionMask = 2147483647;
			dstPath = /usr/share/man/man1/;
			dstSubfolderSpec = 0;
			files = (
				385FFB88156D446000F3D09E /* FileAttributeReader.1 in CopyFiles */,
			);
			runOnlyForDeploymentPostprocessing = 1;
		};
/* End PBXCopyFilesBuildPhase section */

/* Begin PBXFileReference section */
		385FFB7C156D446000F3D09E /* FileAttributeReader */ = {isa = PBXFileReference; explicitFileType = "compiled.mach-o.executable"; includeInIndex = 0; path = FileAttributeReader; sourceTree = BUILT_PRODUCTS_DIR; };
		385FFB80156D446000F3D09E /* Foundation.framework */ = {isa = PBXFileReference; lastKnownFileType = wrapper.framework; name = Foundation.framework; path = System/Library/Frameworks/Foundation.framework; sourceTree = SDKROOT; };
		385FFB83156D446000F3D09E /* main.m */ = {isa = PBXFileReference; lastKnownFileType = sourcecode.c.objc; path = main.m; sourceTree = "<group>"; };
		385FFB86156D446000F3D09E /* FileAttributeReader-Prefix.pch */ = {isa = PBXFileReference; lastKnownFileType = sourcecode.c.h; path = "FileAttributeReader-Prefix.pch"; sourceTree = "<group>"; };
		385FFB87156D446000F3D09E /* FileAttributeReader.1 */ = {isa = PBXFileReference; lastKnownFileType = text.man; path = FileAttributeReader.1; sourceTree = "<group>"; };
/* End PBXFileReference section */

/* Begin PBXFrameworksBuildPhase section */
		385FFB79156D446000F3D09E /* Frameworks */ = {
			isa = PBXFrameworksBuildPhase;
			buildActionMask = 2147483647;
			files = (
				385FFB81156D446000F3D09E /* Foundation.framework in Frameworks */,
			);
			runOnlyForDeploymentPostprocessing = 0;
		};
/* End PBXFrameworksBuildPhase section */

/* Begin PBXGroup section */
		385FFB71156D446000F3D09E = {
			isa = PBXGroup;
			children = (
				385FFB82156D446000F3D09E /* FileAttributeReader */,
				385FFB7F156D446000F3D09E /* Frameworks */,
				385FFB7D156D446000F3D09E /* Products */,
			);
			sourceTree = "<group>";
		};
		385FFB7D156D446000F3D09E /* Products */ = {
			isa = PBXGroup;
			children = (
				385FFB7C156D446000F3D09E /* FileAttributeReader */,
			);
			name = Products;
			sourceTree = "<group>";
		};
		385FFB7F156D446000F3D09E /* Frameworks */ = {
			isa = PBXGroup;
			children = (
				385FFB80156D446000F3D09E /* Foundation.framework */,
			);
			name = Frameworks;
			sourceTree = "<group>";
		};
		385FFB82156D446000F3D09E /* FileAttributeReader */ = {
			isa = PBXGroup;
			children = (
				385FFB83156D446000F3D09E /* main.m */,
				385FFB87156D446000F3D09E /* FileAttributeReader.1 */,
				385FFB85156D446000F3D09E /* Supporting Files */,
			);
			path = FileAttributeReader;
			sourceTree = "<group>";
		};
		385FFB85156D446000F3D09E /* Supporting Files */ = {
			isa = PBXGroup;
			children = (
				385FFB86156D446000F3D09E /* FileAttributeReader-Prefix.pch */,
			);
			name = "Supporting Files";
			sourceTree = "<group>";
		};
/* End PBXGroup section */

/* Begin PBXNativeTarget section */
		385FFB7B156D446000F3D09E /* FileAttributeReader */ = {
			isa = PBXNativeTarget;
			buildConfigurationList = 385FFB8B156D446000F3D09E /* Build configuration list for PBXNativeTarget "FileAttributeReader" */;
			buildPhases = (
				385FFB78156D446000F3D09E /* Sources */,
				385FFB79156D446000F3D09E /* Frameworks */,
				385FFB7A156D446000F3D09E /* CopyFiles */,
			);
			buildRules = (
			);
			dependencies = (
			);
			name = FileAttributeReader;
			productName = FileAttributeReader;
			productReference = 385FFB7C156D446000F3D09E /* FileAttributeReader */;
			productType = "com.apple.product-type.tool";
		};
/* End PBXNativeTarget section */

/* Begin PBXProject section */
		385FFB73156D446000F3D09E /* Project object */ = {
			isa = PBXProject;
			attributes = {
				LastUpgradeCheck = 0440;
				ORGANIZATIONNAME = Apress;
			};
			buildConfigurationList = 385FFB76156D446000F3D09E /* Build configuration list for PBXProject "FileAttributeReader" */;
			compatibilityVersion = "Xcode 3.2";
			developmentRegion = English;
			hasScannedForEncodings = 0;
			knownRegions = (
				en,
			);
			mainGroup = 385FFB71156D446000F3D09E;
			productRefGroup = 385FFB7D156D446000F3D09E /* Products */;
			projectDirPath = "";
			projectRoot = "";
			targets = (
				385FFB7B156D446000F3D09E /* FileAttributeReader */,
			);
		};
/* End PBXProject section */

/* Begin PBXSourcesBuildPhase section */
		385FFB78156D446000F3D09E /* Sources */ = {
			isa = PBXSourcesBuildPhase;
			buildActionMask = 2147483647;
			files = (
				385FFB84156D446000F3D09E /* main.m in Sources */,
			);
			runOnlyForDeploymentPostprocessing = 0;
		};
/* End PBXSourcesBuildPhase section */

/* Begin XCBuildConfiguration section */
		385FFB89156D446000F3D09E /* Debug */ = {
			isa = XCBuildConfiguration;
			buildSettings = {
				ALWAYS_SEARCH_USER_PATHS = NO;
				ARCHS = "$(ARCHS_STANDARD_64_BIT)";
				CLANG_CXX_LANGUAGE_STANDARD = "gnu++0x";
				CLANG_ENABLE_OBJC_ARC = YES;
				CLANG_WARN__DUPLICATE_METHOD_MATCH = YES;
				COPY_PHASE_STRIP = NO;
				GCC_C_LANGUAGE_STANDARD = gnu99;
				GCC_DYNAMIC_NO_PIC = NO;
				GCC_ENABLE_OBJC_EXCEPTIONS = YES;
				GCC_OPTIMIZATION_LEVEL = 0;
				GCC_PREPROCESSOR_DEFINITIONS = (
					"DEBUG=1",
					"$(inherited)",
				);
				GCC_SYMBOLS_PRIVATE_EXTERN = NO;
				GCC_WARN_64_TO_32_BIT_CONVERSION = YES;
				GCC_WARN_ABOUT_RETURN_TYPE = YES;
				GCC_WARN_UNINITIALIZED_AUTOS = YES;
				GCC_WARN_UNUSED_VARIABLE = YES;
				MACOSX_DEPLOYMENT_TARGET = 10.7;
				ONLY_ACTIVE_ARCH = YES;
				SDKROOT = macosx;
			};
			name = Debug;
		};
		385FFB8A156D446000F3D09E /* Release */ = {
			isa = XCBuildConfiguration;
			buildSettings = {
				ALWAYS_SEARCH_USER_PATHS = NO;
				ARCHS = "$(ARCHS_STANDARD_64_BIT)";
				CLANG_CXX_LANGUAGE_STANDARD = "gnu++0x";
				CLANG_ENABLE_OBJC_ARC = YES;
				CLANG_WARN__DUPLICATE_METHOD_MATCH = YES;
				COPY_PHASE_STRIP = YES;
				DEBUG_INFORMATION_FORMAT = "dwarf-with-dsym";
				GCC_C_LANGUAGE_STANDARD = gnu99;
				GCC_ENABLE_OBJC_EXCEPTIONS = YES;
				GCC_WARN_64_TO_32_BIT_CONVERSION = YES;
				GCC_WARN_ABOUT_RETURN_TYPE = YES;
				GCC_WARN_UNINITIALIZED_AUTOS = YES;
				GCC_WARN_UNUSED_VARIABLE = YES;
				MACOSX_DEPLOYMENT_TARGET = 10.7;
				SDKROOT = macosx;
			};
			name = Release;
		};
		385FFB8C156D446000F3D09E /* Debug */ = {
			isa = XCBuildConfiguration;
			buildSettings = {
				GCC_PRECOMPILE_PREFIX_HEADER = YES;
				GCC_PREFIX_HEADER = "FileAttributeReader/FileAttributeReader-Prefix.pch";
				PRODUCT_NAME = "$(TARGET_NAME)";
			};
			name = Debug;
		};
		385FFB8D156D446000F3D09E /* Release */ = {
			isa = XCBuildConfiguration;
			buildSettings = {
				GCC_PRECOMPILE_PREFIX_HEADER = YES;
				GCC_PREFIX_HEADER = "FileAttributeReader/FileAttributeReader-Prefix.pch";
				PRODUCT_NAME = "$(TARGET_NAME)";
			};
			name = Release;
		};
/* End XCBuildConfiguration section */

/* Begin XCConfigurationList section */
		385FFB76156D446000F3D09E /* Build configuration list for PBXProject "FileAttributeReader" */ = {
			isa = XCConfigurationList;
			buildConfigurations = (
				385FFB89156D446000F3D09E /* Debug */,
				385FFB8A156D446000F3D09E /* Release */,
			);
			defaultConfigurationIsVisible = 0;
			defaultConfigurationName = Release;
		};
		385FFB8B156D446000F3D09E /* Build configuration list for PBXNativeTarget "FileAttributeReader" */ = {
			isa = XCConfigurationList;
			buildConfigurations = (
				385FFB8C156D446000F3D09E /* Debug */,
				385FFB8D156D446000F3D09E /* Release */,
			);
			defaultConfigurationIsVisible = 0;
			defaultConfigurationName = Release;
		};
/* End XCConfigurationList section */
	};
	rootObject = 385FFB73156D446000F3D09E /* Project object */;
}
