// !$*UTF8*$!
{
	archiveVersion = 1;
	classes = {
	};
	objectVersion = 46;
	objects = {

/* Begin PBXBuildFile section */
		AB20B2A115B1E39E00C3D20E /* Cocoa.framework in Frameworks */ = {isa = PBXBuildFile; fileRef = AB20B2A015B1E39E00C3D20E /* Cocoa.framework */; };
		AB20B2AB15B1E39F00C3D20E /* InfoPlist.strings in Resources */ = {isa = PBXBuildFile; fileRef = AB20B2A915B1E39F00C3D20E /* InfoPlist.strings */; };
		AB20B2AD15B1E39F00C3D20E /* main.m in Sources */ = {isa = PBXBuildFile; fileRef = AB20B2AC15B1E39F00C3D20E /* main.m */; };
		AB20B2B115B1E39F00C3D20E /* Credits.rtf in Resources */ = {isa = PBXBuildFile; fileRef = AB20B2AF15B1E39F00C3D20E /* Credits.rtf */; };
		AB20B2B415B1E39F00C3D20E /* APAppDelegate.m in Sources */ = {isa = PBXBuildFile; fileRef = AB20B2B315B1E39F00C3D20E /* APAppDelegate.m */; };
		AB20B2B715B1E39F00C3D20E /* MainMenu.xib in Resources */ = {isa = PBXBuildFile; fileRef = AB20B2B515B1E39F00C3D20E /* MainMenu.xib */; };
		AB20B2BF15B1E3BC00C3D20E /* APCustomView.m in Sources */ = {isa = PBXBuildFile; fileRef = AB20B2BE15B1E3BC00C3D20E /* APCustomView.m */; };
/* End PBXBuildFile section */

/* Begin PBXFileReference section */
		AB20B29C15B1E39E00C3D20E /* Drawing.app */ = {isa = PBXFileReference; explicitFileType = wrapper.application; includeInIndex = 0; path = Drawing.app; sourceTree = BUILT_PRODUCTS_DIR; };
		AB20B2A015B1E39E00C3D20E /* Cocoa.framework */ = {isa = PBXFileReference; lastKnownFileType = wrapper.framework; name = Cocoa.framework; path = System/Library/Frameworks/Cocoa.framework; sourceTree = SDKROOT; };
		AB20B2A315B1E39E00C3D20E /* AppKit.framework */ = {isa = PBXFileReference; lastKnownFileType = wrapper.framework; name = AppKit.framework; path = System/Library/Frameworks/AppKit.framework; sourceTree = SDKROOT; };
		AB20B2A415B1E39E00C3D20E /* CoreData.framework */ = {isa = PBXFileReference; lastKnownFileType = wrapper.framework; name = CoreData.framework; path = System/Library/Frameworks/CoreData.framework; sourceTree = SDKROOT; };
		AB20B2A515B1E39E00C3D20E /* Foundation.framework */ = {isa = PBXFileReference; lastKnownFileType = wrapper.framework; name = Foundation.framework; path = System/Library/Frameworks/Foundation.framework; sourceTree = SDKROOT; };
		AB20B2A815B1E39F00C3D20E /* Drawing-Info.plist */ = {isa = PBXFileReference; lastKnownFileType = text.plist.xml; path = "Drawing-Info.plist"; sourceTree = "<group>"; };
		AB20B2AA15B1E39F00C3D20E /* en */ = {isa = PBXFileReference; lastKnownFileType = text.plist.strings; name = en; path = en.lproj/InfoPlist.strings; sourceTree = "<group>"; };
		AB20B2AC15B1E39F00C3D20E /* main.m */ = {isa = PBXFileReference; lastKnownFileType = sourcecode.c.objc; path = main.m; sourceTree = "<group>"; };
		AB20B2AE15B1E39F00C3D20E /* Drawing-Prefix.pch */ = {isa = PBXFileReference; lastKnownFileType = sourcecode.c.h; path = "Drawing-Prefix.pch"; sourceTree = "<group>"; };
		AB20B2B015B1E39F00C3D20E /* en */ = {isa = PBXFileReference; lastKnownFileType = text.rtf; name = en; path = en.lproj/Credits.rtf; sourceTree = "<group>"; };
		AB20B2B215B1E39F00C3D20E /* APAppDelegate.h */ = {isa = PBXFileReference; lastKnownFileType = sourcecode.c.h; path = APAppDelegate.h; sourceTree = "<group>"; };
		AB20B2B315B1E39F00C3D20E /* APAppDelegate.m */ = {isa = PBXFileReference; lastKnownFileType = sourcecode.c.objc; path = APAppDelegate.m; sourceTree = "<group>"; };
		AB20B2B615B1E39F00C3D20E /* en */ = {isa = PBXFileReference; lastKnownFileType = file.xib; name = en; path = en.lproj/MainMenu.xib; sourceTree = "<group>"; };
		AB20B2BD15B1E3BC00C3D20E /* APCustomView.h */ = {isa = PBXFileReference; fileEncoding = 4; lastKnownFileType = sourcecode.c.h; path = APCustomView.h; sourceTree = "<group>"; };
		AB20B2BE15B1E3BC00C3D20E /* APCustomView.m */ = {isa = PBXFileReference; fileEncoding = 4; lastKnownFileType = sourcecode.c.objc; path = APCustomView.m; sourceTree = "<group>"; };
/* End PBXFileReference section */

/* Begin PBXFrameworksBuildPhase section */
		AB20B29915B1E39E00C3D20E /* Frameworks */ = {
			isa = PBXFrameworksBuildPhase;
			buildActionMask = 2147483647;
			files = (
				AB20B2A115B1E39E00C3D20E /* Cocoa.framework in Frameworks */,
			);
			runOnlyForDeploymentPostprocessing = 0;
		};
/* End PBXFrameworksBuildPhase section */

/* Begin PBXGroup section */
		AB20B29115B1E39E00C3D20E = {
			isa = PBXGroup;
			children = (
				AB20B2A615B1E39E00C3D20E /* Drawing */,
				AB20B29F15B1E39E00C3D20E /* Frameworks */,
				AB20B29D15B1E39E00C3D20E /* Products */,
			);
			sourceTree = "<group>";
		};
		AB20B29D15B1E39E00C3D20E /* Products */ = {
			isa = PBXGroup;
			children = (
				AB20B29C15B1E39E00C3D20E /* Drawing.app */,
			);
			name = Products;
			sourceTree = "<group>";
		};
		AB20B29F15B1E39E00C3D20E /* Frameworks */ = {
			isa = PBXGroup;
			children = (
				AB20B2A015B1E39E00C3D20E /* Cocoa.framework */,
				AB20B2A215B1E39E00C3D20E /* Other Frameworks */,
			);
			name = Frameworks;
			sourceTree = "<group>";
		};
		AB20B2A215B1E39E00C3D20E /* Other Frameworks */ = {
			isa = PBXGroup;
			children = (
				AB20B2A315B1E39E00C3D20E /* AppKit.framework */,
				AB20B2A415B1E39E00C3D20E /* CoreData.framework */,
				AB20B2A515B1E39E00C3D20E /* Foundation.framework */,
			);
			name = "Other Frameworks";
			sourceTree = "<group>";
		};
		AB20B2A615B1E39E00C3D20E /* Drawing */ = {
			isa = PBXGroup;
			children = (
				AB20B2B215B1E39F00C3D20E /* APAppDelegate.h */,
				AB20B2B315B1E39F00C3D20E /* APAppDelegate.m */,
				AB20B2BD15B1E3BC00C3D20E /* APCustomView.h */,
				AB20B2BE15B1E3BC00C3D20E /* APCustomView.m */,
				AB20B2B515B1E39F00C3D20E /* MainMenu.xib */,
				AB20B2A715B1E39F00C3D20E /* Supporting Files */,
			);
			path = Drawing;
			sourceTree = "<group>";
		};
		AB20B2A715B1E39F00C3D20E /* Supporting Files */ = {
			isa = PBXGroup;
			children = (
				AB20B2A815B1E39F00C3D20E /* Drawing-Info.plist */,
				AB20B2A915B1E39F00C3D20E /* InfoPlist.strings */,
				AB20B2AC15B1E39F00C3D20E /* main.m */,
				AB20B2AE15B1E39F00C3D20E /* Drawing-Prefix.pch */,
				AB20B2AF15B1E39F00C3D20E /* Credits.rtf */,
			);
			name = "Supporting Files";
			sourceTree = "<group>";
		};
/* End PBXGroup section */

/* Begin PBXNativeTarget section */
		AB20B29B15B1E39E00C3D20E /* Drawing */ = {
			isa = PBXNativeTarget;
			buildConfigurationList = AB20B2BA15B1E39F00C3D20E /* Build configuration list for PBXNativeTarget "Drawing" */;
			buildPhases = (
				AB20B29815B1E39E00C3D20E /* Sources */,
				AB20B29915B1E39E00C3D20E /* Frameworks */,
				AB20B29A15B1E39E00C3D20E /* Resources */,
			);
			buildRules = (
			);
			dependencies = (
			);
			name = Drawing;
			productName = Drawing;
			productReference = AB20B29C15B1E39E00C3D20E /* Drawing.app */;
			productType = "com.apple.product-type.application";
		};
/* End PBXNativeTarget section */

/* Begin PBXProject section */
		AB20B29315B1E39E00C3D20E /* Project object */ = {
			isa = PBXProject;
			attributes = {
				CLASSPREFIX = AP;
				LastUpgradeCheck = 0440;
				ORGANIZATIONNAME = "Apress Inc.";
			};
			buildConfigurationList = AB20B29615B1E39E00C3D20E /* Build configuration list for PBXProject "Drawing" */;
			compatibilityVersion = "Xcode 3.2";
			developmentRegion = English;
			hasScannedForEncodings = 0;
			knownRegions = (
				en,
			);
			mainGroup = AB20B29115B1E39E00C3D20E;
			productRefGroup = AB20B29D15B1E39E00C3D20E /* Products */;
			projectDirPath = "";
			projectRoot = "";
			targets = (
				AB20B29B15B1E39E00C3D20E /* Drawing */,
			);
		};
/* End PBXProject section */

/* Begin PBXResourcesBuildPhase section */
		AB20B29A15B1E39E00C3D20E /* Resources */ = {
			isa = PBXResourcesBuildPhase;
			buildActionMask = 2147483647;
			files = (
				AB20B2AB15B1E39F00C3D20E /* InfoPlist.strings in Resources */,
				AB20B2B115B1E39F00C3D20E /* Credits.rtf in Resources */,
				AB20B2B715B1E39F00C3D20E /* MainMenu.xib in Resources */,
			);
			runOnlyForDeploymentPostprocessing = 0;
		};
/* End PBXResourcesBuildPhase section */

/* Begin PBXSourcesBuildPhase section */
		AB20B29815B1E39E00C3D20E /* Sources */ = {
			isa = PBXSourcesBuildPhase;
			buildActionMask = 2147483647;
			files = (
				AB20B2AD15B1E39F00C3D20E /* main.m in Sources */,
				AB20B2B415B1E39F00C3D20E /* APAppDelegate.m in Sources */,
				AB20B2BF15B1E3BC00C3D20E /* APCustomView.m in Sources */,
			);
			runOnlyForDeploymentPostprocessing = 0;
		};
/* End PBXSourcesBuildPhase section */

/* Begin PBXVariantGroup section */
		AB20B2A915B1E39F00C3D20E /* InfoPlist.strings */ = {
			isa = PBXVariantGroup;
			children = (
				AB20B2AA15B1E39F00C3D20E /* en */,
			);
			name = InfoPlist.strings;
			sourceTree = "<group>";
		};
		AB20B2AF15B1E39F00C3D20E /* Credits.rtf */ = {
			isa = PBXVariantGroup;
			children = (
				AB20B2B015B1E39F00C3D20E /* en */,
			);
			name = Credits.rtf;
			sourceTree = "<group>";
		};
		AB20B2B515B1E39F00C3D20E /* MainMenu.xib */ = {
			isa = PBXVariantGroup;
			children = (
				AB20B2B615B1E39F00C3D20E /* en */,
			);
			name = MainMenu.xib;
			sourceTree = "<group>";
		};
/* End PBXVariantGroup section */

/* Begin XCBuildConfiguration section */
		AB20B2B815B1E39F00C3D20E /* Debug */ = {
			isa = XCBuildConfiguration;
			buildSettings = {
				ALWAYS_SEARCH_USER_PATHS = NO;
				ARCHS = "$(ARCHS_STANDARD_64_BIT)";
				CLANG_CXX_LANGUAGE_STANDARD = "gnu++0x";
				CLANG_ENABLE_OBJC_ARC = YES;
				CLANG_WARN__DUPLICATE_METHOD_MATCH = YES;
				COPY_PHASE_STRIP = NO;
				GCC_C_LANGUAGE_STANDARD = gnu99;
				GCC_DYNAMIC_NO_PIC = NO;
				GCC_ENABLE_OBJC_EXCEPTIONS = YES;
				GCC_OPTIMIZATION_LEVEL = 0;
				GCC_PREPROCESSOR_DEFINITIONS = (
					"DEBUG=1",
					"$(inherited)",
				);
				GCC_SYMBOLS_PRIVATE_EXTERN = NO;
				GCC_WARN_64_TO_32_BIT_CONVERSION = YES;
				GCC_WARN_ABOUT_RETURN_TYPE = YES;
				GCC_WARN_UNINITIALIZED_AUTOS = YES;
				GCC_WARN_UNUSED_VARIABLE = YES;
				MACOSX_DEPLOYMENT_TARGET = 10.8;
				ONLY_ACTIVE_ARCH = YES;
				SDKROOT = macosx;
			};
			name = Debug;
		};
		AB20B2B915B1E39F00C3D20E /* Release */ = {
			isa = XCBuildConfiguration;
			buildSettings = {
				ALWAYS_SEARCH_USER_PATHS = NO;
				ARCHS = "$(ARCHS_STANDARD_64_BIT)";
				CLANG_CXX_LANGUAGE_STANDARD = "gnu++0x";
				CLANG_ENABLE_OBJC_ARC = YES;
				CLANG_WARN__DUPLICATE_METHOD_MATCH = YES;
				COPY_PHASE_STRIP = YES;
				DEBUG_INFORMATION_FORMAT = "dwarf-with-dsym";
				GCC_C_LANGUAGE_STANDARD = gnu99;
				GCC_ENABLE_OBJC_EXCEPTIONS = YES;
				GCC_WARN_64_TO_32_BIT_CONVERSION = YES;
				GCC_WARN_ABOUT_RETURN_TYPE = YES;
				GCC_WARN_UNINITIALIZED_AUTOS = YES;
				GCC_WARN_UNUSED_VARIABLE = YES;
				MACOSX_DEPLOYMENT_TARGET = 10.8;
				SDKROOT = macosx;
			};
			name = Release;
		};
		AB20B2BB15B1E39F00C3D20E /* Debug */ = {
			isa = XCBuildConfiguration;
			buildSettings = {
				COMBINE_HIDPI_IMAGES = YES;
				GCC_PRECOMPILE_PREFIX_HEADER = YES;
				GCC_PREFIX_HEADER = "Drawing/Drawing-Prefix.pch";
				INFOPLIST_FILE = "Drawing/Drawing-Info.plist";
				PRODUCT_NAME = "$(TARGET_NAME)";
				WRAPPER_EXTENSION = app;
			};
			name = Debug;
		};
		AB20B2BC15B1E39F00C3D20E /* Release */ = {
			isa = XCBuildConfiguration;
			buildSettings = {
				COMBINE_HIDPI_IMAGES = YES;
				GCC_PRECOMPILE_PREFIX_HEADER = YES;
				GCC_PREFIX_HEADER = "Drawing/Drawing-Prefix.pch";
				INFOPLIST_FILE = "Drawing/Drawing-Info.plist";
				PRODUCT_NAME = "$(TARGET_NAME)";
				WRAPPER_EXTENSION = app;
			};
			name = Release;
		};
/* End XCBuildConfiguration section */

/* Begin XCConfigurationList section */
		AB20B29615B1E39E00C3D20E /* Build configuration list for PBXProject "Drawing" */ = {
			isa = XCConfigurationList;
			buildConfigurations = (
				AB20B2B815B1E39F00C3D20E /* Debug */,
				AB20B2B915B1E39F00C3D20E /* Release */,
			);
			defaultConfigurationIsVisible = 0;
			defaultConfigurationName = Release;
		};
		AB20B2BA15B1E39F00C3D20E /* Build configuration list for PBXNativeTarget "Drawing" */ = {
			isa = XCConfigurationList;
			buildConfigurations = (
				AB20B2BB15B1E39F00C3D20E /* Debug */,
				AB20B2BC15B1E39F00C3D20E /* Release */,
			);
			defaultConfigurationIsVisible = 0;
		};
/* End XCConfigurationList section */
	};
	rootObject = AB20B29315B1E39E00C3D20E /* Project object */;
}
